
Microsoft Visual Studio Solution File, Format Version 12.00
# Visual Studio Version 17
VisualStudioVersion = 17.9.34728.123
MinimumVisualStudioVersion = 10.0.40219.1
Project("{2150E333-8FDC-42A3-9474-1A3956D46DE8}") = "Tests", "Tests", "{5205A777-18AB-426A-84C4-7FE39A077BDE}"
EndProject
Project("{9A19103F-16F7-4668-BE54-9A1E7A4F7556}") = "SchoolDiary.Common", "SchoolDiary.Common\SchoolDiary.Common.csproj", "{4C52DA4A-CE66-4711-A828-98A6A23BF299}"
EndProject
Project("{9A19103F-16F7-4668-BE54-9A1E7A4F7556}") = "SchoolDiary.BLL", "SchoolDiary.BLL\SchoolDiary.BLL.csproj", "{8C1FB3A9-86B7-4D63-9419-9BE3D2C42B34}"
EndProject
Project("{9A19103F-16F7-4668-BE54-9A1E7A4F7556}") = "SchoolDiary.DAL", "SchoolDiary.DAL\SchoolDiary.DAL.csproj", "{83C75836-D0D2-4842-B465-CBE45E204FBC}"
EndProject
Project("{9A19103F-16F7-4668-BE54-9A1E7A4F7556}") = "SchoolDiary.WEB", "SchoolDiary.WEB\SchoolDiary.WEB.csproj", "{9C1D0721-615E-41D4-8488-C48BECFB69C6}"
EndProject
Project("{54A90642-561A-4BB1-A94E-469ADEE60C69}") = "schooldiary.client", "SchoolDiary.Client\schooldiary.client.esproj", "{5ADBD152-3AB7-4C61-B0E8-5931706528A7}"
EndProject
Global
	GlobalSection(SolutionConfigurationPlatforms) = preSolution
		Debug|Any CPU = Debug|Any CPU
		Release|Any CPU = Release|Any CPU
	EndGlobalSection
	GlobalSection(ProjectConfigurationPlatforms) = postSolution
		{4C52DA4A-CE66-4711-A828-98A6A23BF299}.Debug|Any CPU.ActiveCfg = Debug|Any CPU
		{4C52DA4A-CE66-4711-A828-98A6A23BF299}.Debug|Any CPU.Build.0 = Debug|Any CPU
		{4C52DA4A-CE66-4711-A828-98A6A23BF299}.Release|Any CPU.ActiveCfg = Release|Any CPU
		{4C52DA4A-CE66-4711-A828-98A6A23BF299}.Release|Any CPU.Build.0 = Release|Any CPU
		{8C1FB3A9-86B7-4D63-9419-9BE3D2C42B34}.Debug|Any CPU.ActiveCfg = Debug|Any CPU
		{8C1FB3A9-86B7-4D63-9419-9BE3D2C42B34}.Debug|Any CPU.Build.0 = Debug|Any CPU
		{8C1FB3A9-86B7-4D63-9419-9BE3D2C42B34}.Release|Any CPU.ActiveCfg = Release|Any CPU
		{8C1FB3A9-86B7-4D63-9419-9BE3D2C42B34}.Release|Any CPU.Build.0 = Release|Any CPU
		{83C75836-D0D2-4842-B465-CBE45E204FBC}.Debug|Any CPU.ActiveCfg = Debug|Any CPU
		{83C75836-D0D2-4842-B465-CBE45E204FBC}.Debug|Any CPU.Build.0 = Debug|Any CPU
		{83C75836-D0D2-4842-B465-CBE45E204FBC}.Release|Any CPU.ActiveCfg = Release|Any CPU
		{83C75836-D0D2-4842-B465-CBE45E204FBC}.Release|Any CPU.Build.0 = Release|Any CPU
		{9C1D0721-615E-41D4-8488-C48BECFB69C6}.Debug|Any CPU.ActiveCfg = Debug|Any CPU
		{9C1D0721-615E-41D4-8488-C48BECFB69C6}.Debug|Any CPU.Build.0 = Debug|Any CPU
		{9C1D0721-615E-41D4-8488-C48BECFB69C6}.Release|Any CPU.ActiveCfg = Release|Any CPU
		{9C1D0721-615E-41D4-8488-C48BECFB69C6}.Release|Any CPU.Build.0 = Release|Any CPU
		{5ADBD152-3AB7-4C61-B0E8-5931706528A7}.Debug|Any CPU.ActiveCfg = Debug|Any CPU
		{5ADBD152-3AB7-4C61-B0E8-5931706528A7}.Debug|Any CPU.Build.0 = Debug|Any CPU
		{5ADBD152-3AB7-4C61-B0E8-5931706528A7}.Debug|Any CPU.Deploy.0 = Debug|Any CPU
		{5ADBD152-3AB7-4C61-B0E8-5931706528A7}.Release|Any CPU.ActiveCfg = Release|Any CPU
		{5ADBD152-3AB7-4C61-B0E8-5931706528A7}.Release|Any CPU.Build.0 = Release|Any CPU
		{5ADBD152-3AB7-4C61-B0E8-5931706528A7}.Release|Any CPU.Deploy.0 = Release|Any CPU
	EndGlobalSection
	GlobalSection(SolutionProperties) = preSolution
		HideSolutionNode = FALSE
	EndGlobalSection
	GlobalSection(ExtensibilityGlobals) = postSolution
		SolutionGuid = {59049077-A7C5-459F-832D-D2D4FB673720}
	EndGlobalSection
EndGlobal
